
Microsoft Visual Studio Solution File, Format Version 12.00
# Visual Studio 2013
VisualStudioVersion = 12.0.31101.0
MinimumVisualStudioVersion = 10.0.40219.1
Project("{F184B08F-C81C-45F6-A57F-5ABD9991F28F}") = "ARK Dedicated Server Tool", "ARK Dedicated Server Tool\ARK Dedicated Server Tool.vbproj", "{280622A8-D70D-4F13-AE30-28573E8B26F0}"
EndProject
Project("{FAE04EC0-301F-11D3-BF4B-00C04F79EFBC}") = "ARK Server Manager", "ARK Server Manager\ARK Server Manager.csproj", "{70CE930F-E1CB-424F-9833-A5E1CA42A785}"
EndProject
Project("{FAE04EC0-301F-11D3-BF4B-00C04F79EFBC}") = "WPFSharp.Globalizer", "WPFSharp.Globalizer\WPFSharp.Globalizer.csproj", "{715461E8-4E54-4993-80A8-8E72892135E0}"
EndProject
Project("{FAE04EC0-301F-11D3-BF4B-00C04F79EFBC}") = "QueryMaster", "QueryMaster\QueryMaster.csproj", "{4CA9C894-518F-42D7-BBE2-CFDFE7A03F8A}"
EndProject
Project("{FAE04EC0-301F-11D3-BF4B-00C04F79EFBC}") = "SteamKit2", "SteamKit2\SteamKit2.csproj", "{BEB5BF07-BB56-402A-97A3-A41C6444C6A5}"
EndProject
Global
	GlobalSection(SolutionConfigurationPlatforms) = preSolution
		Debug|Any CPU = Debug|Any CPU
		Debug|x64 = Debug|x64
		Debug|x86 = Debug|x86
		Release|Any CPU = Release|Any CPU
		Release|x64 = Release|x64
		Release|x86 = Release|x86
	EndGlobalSection
	GlobalSection(ProjectConfigurationPlatforms) = postSolution
		{280622A8-D70D-4F13-AE30-28573E8B26F0}.Debug|Any CPU.ActiveCfg = Debug|Any CPU
		{280622A8-D70D-4F13-AE30-28573E8B26F0}.Debug|Any CPU.Build.0 = Debug|Any CPU
		{280622A8-D70D-4F13-AE30-28573E8B26F0}.Debug|Any CPU.Deploy.0 = Debug|Any CPU
		{280622A8-D70D-4F13-AE30-28573E8B26F0}.Debug|x64.ActiveCfg = Debug|Any CPU
		{280622A8-D70D-4F13-AE30-28573E8B26F0}.Debug|x86.ActiveCfg = Debug|Any CPU
		{280622A8-D70D-4F13-AE30-28573E8B26F0}.Release|Any CPU.ActiveCfg = Release|Any CPU
		{280622A8-D70D-4F13-AE30-28573E8B26F0}.Release|Any CPU.Build.0 = Release|Any CPU
		{280622A8-D70D-4F13-AE30-28573E8B26F0}.Release|x64.ActiveCfg = Release|Any CPU
		{280622A8-D70D-4F13-AE30-28573E8B26F0}.Release|x86.ActiveCfg = Release|Any CPU
		{70CE930F-E1CB-424F-9833-A5E1CA42A785}.Debug|Any CPU.ActiveCfg = Debug|Any CPU
		{70CE930F-E1CB-424F-9833-A5E1CA42A785}.Debug|Any CPU.Build.0 = Debug|Any CPU
		{70CE930F-E1CB-424F-9833-A5E1CA42A785}.Debug|x64.ActiveCfg = Debug|Any CPU
		{70CE930F-E1CB-424F-9833-A5E1CA42A785}.Debug|x86.ActiveCfg = Debug|Any CPU
		{70CE930F-E1CB-424F-9833-A5E1CA42A785}.Release|Any CPU.ActiveCfg = Release|Any CPU
		{70CE930F-E1CB-424F-9833-A5E1CA42A785}.Release|Any CPU.Build.0 = Release|Any CPU
		{70CE930F-E1CB-424F-9833-A5E1CA42A785}.Release|x64.ActiveCfg = Release|Any CPU
		{70CE930F-E1CB-424F-9833-A5E1CA42A785}.Release|x86.ActiveCfg = Release|Any CPU
		{715461E8-4E54-4993-80A8-8E72892135E0}.Debug|Any CPU.ActiveCfg = Debug|Any CPU
		{715461E8-4E54-4993-80A8-8E72892135E0}.Debug|Any CPU.Build.0 = Debug|Any CPU
		{715461E8-4E54-4993-80A8-8E72892135E0}.Debug|x64.ActiveCfg = Debug|x64
		{715461E8-4E54-4993-80A8-8E72892135E0}.Debug|x64.Build.0 = Debug|x64
		{715461E8-4E54-4993-80A8-8E72892135E0}.Debug|x86.ActiveCfg = Debug|x86
		{715461E8-4E54-4993-80A8-8E72892135E0}.Debug|x86.Build.0 = Debug|x86
		{715461E8-4E54-4993-80A8-8E72892135E0}.Release|Any CPU.ActiveCfg = Release|Any CPU
		{715461E8-4E54-4993-80A8-8E72892135E0}.Release|Any CPU.Build.0 = Release|Any CPU
		{715461E8-4E54-4993-80A8-8E72892135E0}.Release|x64.ActiveCfg = Release|x64
		{715461E8-4E54-4993-80A8-8E72892135E0}.Release|x64.Build.0 = Release|x64
		{715461E8-4E54-4993-80A8-8E72892135E0}.Release|x86.ActiveCfg = Release|x86
		{715461E8-4E54-4993-80A8-8E72892135E0}.Release|x86.Build.0 = Release|x86
		{4CA9C894-518F-42D7-BBE2-CFDFE7A03F8A}.Debug|Any CPU.ActiveCfg = Debug|Any CPU
		{4CA9C894-518F-42D7-BBE2-CFDFE7A03F8A}.Debug|Any CPU.Build.0 = Debug|Any CPU
		{4CA9C894-518F-42D7-BBE2-CFDFE7A03F8A}.Debug|x64.ActiveCfg = Debug|Any CPU
		{4CA9C894-518F-42D7-BBE2-CFDFE7A03F8A}.Debug|x86.ActiveCfg = Debug|Any CPU
		{4CA9C894-518F-42D7-BBE2-CFDFE7A03F8A}.Release|Any CPU.ActiveCfg = Release|Any CPU
		{4CA9C894-518F-42D7-BBE2-CFDFE7A03F8A}.Release|Any CPU.Build.0 = Release|Any CPU
		{4CA9C894-518F-42D7-BBE2-CFDFE7A03F8A}.Release|x64.ActiveCfg = Release|Any CPU
		{4CA9C894-518F-42D7-BBE2-CFDFE7A03F8A}.Release|x86.ActiveCfg = Release|Any CPU
		{BEB5BF07-BB56-402A-97A3-A41C6444C6A5}.Debug|Any CPU.ActiveCfg = Debug|Any CPU
		{BEB5BF07-BB56-402A-97A3-A41C6444C6A5}.Debug|Any CPU.Build.0 = Debug|Any CPU
		{BEB5BF07-BB56-402A-97A3-A41C6444C6A5}.Debug|x64.ActiveCfg = Debug|Any CPU
		{BEB5BF07-BB56-402A-97A3-A41C6444C6A5}.Debug|x86.ActiveCfg = Debug|Any CPU
		{BEB5BF07-BB56-402A-97A3-A41C6444C6A5}.Release|Any CPU.ActiveCfg = Release|Any CPU
		{BEB5BF07-BB56-402A-97A3-A41C6444C6A5}.Release|Any CPU.Build.0 = Release|Any CPU
		{BEB5BF07-BB56-402A-97A3-A41C6444C6A5}.Release|x64.ActiveCfg = Release|Any CPU
		{BEB5BF07-BB56-402A-97A3-A41C6444C6A5}.Release|x86.ActiveCfg = Release|Any CPU
	EndGlobalSection
	GlobalSection(SolutionProperties) = preSolution
		HideSolutionNode = FALSE
	EndGlobalSection
EndGlobal
