
Microsoft Visual Studio Solution File, Format Version 12.00
# Visual Studio 15
VisualStudioVersion = 15.0.26430.16
MinimumVisualStudioVersion = 10.0.40219.1
Project("{FAE04EC0-301F-11D3-BF4B-00C04F79EFBC}") = "ARK Server Manager", "ARK Server Manager\ARK Server Manager.csproj", "{70CE930F-E1CB-424F-9833-A5E1CA42A785}"
EndProject
Project("{FAE04EC0-301F-11D3-BF4B-00C04F79EFBC}") = "WPFSharp.Globalizer", "WPFSharp.Globalizer\WPFSharp.Globalizer.csproj", "{715461E8-4E54-4993-80A8-8E72892135E0}"
EndProject
Project("{FAE04EC0-301F-11D3-BF4B-00C04F79EFBC}") = "QueryMaster", "QueryMaster\QueryMaster.csproj", "{4CA9C894-518F-42D7-BBE2-CFDFE7A03F8A}"
EndProject
Project("{FAE04EC0-301F-11D3-BF4B-00C04F79EFBC}") = "ArkData", "ArkData\ArkData.csproj", "{D2EE1483-021F-4900-BBE8-88338D1386F4}"
EndProject
Project("{FAE04EC0-301F-11D3-BF4B-00C04F79EFBC}") = "NeXt.Vdf", "NeXtVdf\NeXt.Vdf.csproj", "{E4EDA8B8-006C-4D41-822F-F64B6DB0021F}"
EndProject
Project("{FAE04EC0-301F-11D3-BF4B-00C04F79EFBC}") = "WebAPI", "WebAPI\WebAPI.csproj", "{FA62BCEA-71CC-4465-A8EE-7B4E0BD5A530}"
EndProject
Project("{FAE04EC0-301F-11D3-BF4B-00C04F79EFBC}") = "Plugin.Common", "Plugin.Common\Plugin.Common.csproj", "{679FE859-9A82-4FFB-A758-C1E8DF915F58}"
EndProject
Project("{FAE04EC0-301F-11D3-BF4B-00C04F79EFBC}") = "Plugin.Discord", "Plugin.Discord\Plugin.Discord.csproj", "{936EF260-FECF-4E9E-A21E-092D65931C7D}"
EndProject
Project("{FAE04EC0-301F-11D3-BF4B-00C04F79EFBC}") = "Plugin.Discord.UnitTests", "Plugin.Discord.UnitTests\Plugin.Discord.UnitTests.csproj", "{8D13FC88-9508-4C3A-8ED0-F7BD46E343CC}"
EndProject
Project("{2150E333-8FDC-42A3-9474-1A3956D46DE8}") = "3rd Party Libraries", "3rd Party Libraries", "{8E31EA93-7F3D-4C13-B09C-92969D170D55}"
EndProject
Project("{2150E333-8FDC-42A3-9474-1A3956D46DE8}") = "Plugins", "Plugins", "{573D6EB8-574A-4431-A682-E778EF31C384}"
EndProject
Project("{2150E333-8FDC-42A3-9474-1A3956D46DE8}") = "Solution Items", "Solution Items", "{742F5392-BE16-49EC-BE44-D2245DA39D5C}"
	ProjectSection(SolutionItems) = preProject
		.gitattributes = .gitattributes
		.gitignore = .gitignore
		license.txt = license.txt
		README.md = README.md
	EndProjectSection
EndProject
Global
	GlobalSection(SolutionConfigurationPlatforms) = preSolution
		Debug|Any CPU = Debug|Any CPU
		Debug|x64 = Debug|x64
		Debug|x86 = Debug|x86
		Release|Any CPU = Release|Any CPU
		Release|x64 = Release|x64
		Release|x86 = Release|x86
	EndGlobalSection
	GlobalSection(ProjectConfigurationPlatforms) = postSolution
		{70CE930F-E1CB-424F-9833-A5E1CA42A785}.Debug|Any CPU.ActiveCfg = Debug|Any CPU
		{70CE930F-E1CB-424F-9833-A5E1CA42A785}.Debug|Any CPU.Build.0 = Debug|Any CPU
		{70CE930F-E1CB-424F-9833-A5E1CA42A785}.Debug|x64.ActiveCfg = Debug|Any CPU
		{70CE930F-E1CB-424F-9833-A5E1CA42A785}.Debug|x64.Build.0 = Debug|Any CPU
		{70CE930F-E1CB-424F-9833-A5E1CA42A785}.Debug|x86.ActiveCfg = Debug|Any CPU
		{70CE930F-E1CB-424F-9833-A5E1CA42A785}.Debug|x86.Build.0 = Debug|Any CPU
		{70CE930F-E1CB-424F-9833-A5E1CA42A785}.Release|Any CPU.ActiveCfg = Release|Any CPU
		{70CE930F-E1CB-424F-9833-A5E1CA42A785}.Release|Any CPU.Build.0 = Release|Any CPU
		{70CE930F-E1CB-424F-9833-A5E1CA42A785}.Release|x64.ActiveCfg = Release|Any CPU
		{70CE930F-E1CB-424F-9833-A5E1CA42A785}.Release|x64.Build.0 = Release|Any CPU
		{70CE930F-E1CB-424F-9833-A5E1CA42A785}.Release|x86.ActiveCfg = Release|Any CPU
		{70CE930F-E1CB-424F-9833-A5E1CA42A785}.Release|x86.Build.0 = Release|Any CPU
		{715461E8-4E54-4993-80A8-8E72892135E0}.Debug|Any CPU.ActiveCfg = Debug|Any CPU
		{715461E8-4E54-4993-80A8-8E72892135E0}.Debug|Any CPU.Build.0 = Debug|Any CPU
		{715461E8-4E54-4993-80A8-8E72892135E0}.Debug|x64.ActiveCfg = Debug|x64
		{715461E8-4E54-4993-80A8-8E72892135E0}.Debug|x64.Build.0 = Debug|x64
		{715461E8-4E54-4993-80A8-8E72892135E0}.Debug|x86.ActiveCfg = Debug|x86
		{715461E8-4E54-4993-80A8-8E72892135E0}.Debug|x86.Build.0 = Debug|x86
		{715461E8-4E54-4993-80A8-8E72892135E0}.Release|Any CPU.ActiveCfg = Release|Any CPU
		{715461E8-4E54-4993-80A8-8E72892135E0}.Release|Any CPU.Build.0 = Release|Any CPU
		{715461E8-4E54-4993-80A8-8E72892135E0}.Release|x64.ActiveCfg = Release|x64
		{715461E8-4E54-4993-80A8-8E72892135E0}.Release|x64.Build.0 = Release|x64
		{715461E8-4E54-4993-80A8-8E72892135E0}.Release|x86.ActiveCfg = Release|x86
		{715461E8-4E54-4993-80A8-8E72892135E0}.Release|x86.Build.0 = Release|x86
		{4CA9C894-518F-42D7-BBE2-CFDFE7A03F8A}.Debug|Any CPU.ActiveCfg = Debug|Any CPU
		{4CA9C894-518F-42D7-BBE2-CFDFE7A03F8A}.Debug|Any CPU.Build.0 = Debug|Any CPU
		{4CA9C894-518F-42D7-BBE2-CFDFE7A03F8A}.Debug|x64.ActiveCfg = Debug|Any CPU
		{4CA9C894-518F-42D7-BBE2-CFDFE7A03F8A}.Debug|x64.Build.0 = Debug|Any CPU
		{4CA9C894-518F-42D7-BBE2-CFDFE7A03F8A}.Debug|x86.ActiveCfg = Debug|Any CPU
		{4CA9C894-518F-42D7-BBE2-CFDFE7A03F8A}.Debug|x86.Build.0 = Debug|Any CPU
		{4CA9C894-518F-42D7-BBE2-CFDFE7A03F8A}.Release|Any CPU.ActiveCfg = Release|Any CPU
		{4CA9C894-518F-42D7-BBE2-CFDFE7A03F8A}.Release|Any CPU.Build.0 = Release|Any CPU
		{4CA9C894-518F-42D7-BBE2-CFDFE7A03F8A}.Release|x64.ActiveCfg = Release|Any CPU
		{4CA9C894-518F-42D7-BBE2-CFDFE7A03F8A}.Release|x64.Build.0 = Release|Any CPU
		{4CA9C894-518F-42D7-BBE2-CFDFE7A03F8A}.Release|x86.ActiveCfg = Release|Any CPU
		{4CA9C894-518F-42D7-BBE2-CFDFE7A03F8A}.Release|x86.Build.0 = Release|Any CPU
		{D2EE1483-021F-4900-BBE8-88338D1386F4}.Debug|Any CPU.ActiveCfg = Debug|Any CPU
		{D2EE1483-021F-4900-BBE8-88338D1386F4}.Debug|Any CPU.Build.0 = Debug|Any CPU
		{D2EE1483-021F-4900-BBE8-88338D1386F4}.Debug|x64.ActiveCfg = Debug|Any CPU
		{D2EE1483-021F-4900-BBE8-88338D1386F4}.Debug|x64.Build.0 = Debug|Any CPU
		{D2EE1483-021F-4900-BBE8-88338D1386F4}.Debug|x86.ActiveCfg = Debug|Any CPU
		{D2EE1483-021F-4900-BBE8-88338D1386F4}.Debug|x86.Build.0 = Debug|Any CPU
		{D2EE1483-021F-4900-BBE8-88338D1386F4}.Release|Any CPU.ActiveCfg = Release|Any CPU
		{D2EE1483-021F-4900-BBE8-88338D1386F4}.Release|Any CPU.Build.0 = Release|Any CPU
		{D2EE1483-021F-4900-BBE8-88338D1386F4}.Release|x64.ActiveCfg = Release|Any CPU
		{D2EE1483-021F-4900-BBE8-88338D1386F4}.Release|x64.Build.0 = Release|Any CPU
		{D2EE1483-021F-4900-BBE8-88338D1386F4}.Release|x86.ActiveCfg = Release|Any CPU
		{D2EE1483-021F-4900-BBE8-88338D1386F4}.Release|x86.Build.0 = Release|Any CPU
		{E4EDA8B8-006C-4D41-822F-F64B6DB0021F}.Debug|Any CPU.ActiveCfg = Debug|Any CPU
		{E4EDA8B8-006C-4D41-822F-F64B6DB0021F}.Debug|Any CPU.Build.0 = Debug|Any CPU
		{E4EDA8B8-006C-4D41-822F-F64B6DB0021F}.Debug|x64.ActiveCfg = Debug|Any CPU
		{E4EDA8B8-006C-4D41-822F-F64B6DB0021F}.Debug|x64.Build.0 = Debug|Any CPU
		{E4EDA8B8-006C-4D41-822F-F64B6DB0021F}.Debug|x86.ActiveCfg = Debug|Any CPU
		{E4EDA8B8-006C-4D41-822F-F64B6DB0021F}.Debug|x86.Build.0 = Debug|Any CPU
		{E4EDA8B8-006C-4D41-822F-F64B6DB0021F}.Release|Any CPU.ActiveCfg = Release|Any CPU
		{E4EDA8B8-006C-4D41-822F-F64B6DB0021F}.Release|Any CPU.Build.0 = Release|Any CPU
		{E4EDA8B8-006C-4D41-822F-F64B6DB0021F}.Release|x64.ActiveCfg = Release|Any CPU
		{E4EDA8B8-006C-4D41-822F-F64B6DB0021F}.Release|x64.Build.0 = Release|Any CPU
		{E4EDA8B8-006C-4D41-822F-F64B6DB0021F}.Release|x86.ActiveCfg = Release|Any CPU
		{E4EDA8B8-006C-4D41-822F-F64B6DB0021F}.Release|x86.Build.0 = Release|Any CPU
		{FA62BCEA-71CC-4465-A8EE-7B4E0BD5A530}.Debug|Any CPU.ActiveCfg = Debug|Any CPU
		{FA62BCEA-71CC-4465-A8EE-7B4E0BD5A530}.Debug|Any CPU.Build.0 = Debug|Any CPU
		{FA62BCEA-71CC-4465-A8EE-7B4E0BD5A530}.Debug|x64.ActiveCfg = Debug|Any CPU
		{FA62BCEA-71CC-4465-A8EE-7B4E0BD5A530}.Debug|x64.Build.0 = Debug|Any CPU
		{FA62BCEA-71CC-4465-A8EE-7B4E0BD5A530}.Debug|x86.ActiveCfg = Debug|Any CPU
		{FA62BCEA-71CC-4465-A8EE-7B4E0BD5A530}.Debug|x86.Build.0 = Debug|Any CPU
		{FA62BCEA-71CC-4465-A8EE-7B4E0BD5A530}.Release|Any CPU.ActiveCfg = Release|Any CPU
		{FA62BCEA-71CC-4465-A8EE-7B4E0BD5A530}.Release|Any CPU.Build.0 = Release|Any CPU
		{FA62BCEA-71CC-4465-A8EE-7B4E0BD5A530}.Release|x64.ActiveCfg = Release|Any CPU
		{FA62BCEA-71CC-4465-A8EE-7B4E0BD5A530}.Release|x64.Build.0 = Release|Any CPU
		{FA62BCEA-71CC-4465-A8EE-7B4E0BD5A530}.Release|x86.ActiveCfg = Release|Any CPU
		{FA62BCEA-71CC-4465-A8EE-7B4E0BD5A530}.Release|x86.Build.0 = Release|Any CPU
		{679FE859-9A82-4FFB-A758-C1E8DF915F58}.Debug|Any CPU.ActiveCfg = Debug|Any CPU
		{679FE859-9A82-4FFB-A758-C1E8DF915F58}.Debug|Any CPU.Build.0 = Debug|Any CPU
		{679FE859-9A82-4FFB-A758-C1E8DF915F58}.Debug|x64.ActiveCfg = Debug|Any CPU
		{679FE859-9A82-4FFB-A758-C1E8DF915F58}.Debug|x64.Build.0 = Debug|Any CPU
		{679FE859-9A82-4FFB-A758-C1E8DF915F58}.Debug|x86.ActiveCfg = Debug|Any CPU
		{679FE859-9A82-4FFB-A758-C1E8DF915F58}.Debug|x86.Build.0 = Debug|Any CPU
		{679FE859-9A82-4FFB-A758-C1E8DF915F58}.Release|Any CPU.ActiveCfg = Release|Any CPU
		{679FE859-9A82-4FFB-A758-C1E8DF915F58}.Release|Any CPU.Build.0 = Release|Any CPU
		{679FE859-9A82-4FFB-A758-C1E8DF915F58}.Release|x64.ActiveCfg = Release|Any CPU
		{679FE859-9A82-4FFB-A758-C1E8DF915F58}.Release|x64.Build.0 = Release|Any CPU
		{679FE859-9A82-4FFB-A758-C1E8DF915F58}.Release|x86.ActiveCfg = Release|Any CPU
		{679FE859-9A82-4FFB-A758-C1E8DF915F58}.Release|x86.Build.0 = Release|Any CPU
		{936EF260-FECF-4E9E-A21E-092D65931C7D}.Debug|Any CPU.ActiveCfg = Debug|Any CPU
		{936EF260-FECF-4E9E-A21E-092D65931C7D}.Debug|Any CPU.Build.0 = Debug|Any CPU
		{936EF260-FECF-4E9E-A21E-092D65931C7D}.Debug|x64.ActiveCfg = Debug|Any CPU
		{936EF260-FECF-4E9E-A21E-092D65931C7D}.Debug|x64.Build.0 = Debug|Any CPU
		{936EF260-FECF-4E9E-A21E-092D65931C7D}.Debug|x86.ActiveCfg = Debug|Any CPU
		{936EF260-FECF-4E9E-A21E-092D65931C7D}.Debug|x86.Build.0 = Debug|Any CPU
		{936EF260-FECF-4E9E-A21E-092D65931C7D}.Release|Any CPU.ActiveCfg = Release|Any CPU
		{936EF260-FECF-4E9E-A21E-092D65931C7D}.Release|Any CPU.Build.0 = Release|Any CPU
		{936EF260-FECF-4E9E-A21E-092D65931C7D}.Release|x64.ActiveCfg = Release|Any CPU
		{936EF260-FECF-4E9E-A21E-092D65931C7D}.Release|x64.Build.0 = Release|Any CPU
		{936EF260-FECF-4E9E-A21E-092D65931C7D}.Release|x86.ActiveCfg = Release|Any CPU
		{936EF260-FECF-4E9E-A21E-092D65931C7D}.Release|x86.Build.0 = Release|Any CPU
		{8D13FC88-9508-4C3A-8ED0-F7BD46E343CC}.Debug|Any CPU.ActiveCfg = Debug|Any CPU
		{8D13FC88-9508-4C3A-8ED0-F7BD46E343CC}.Debug|Any CPU.Build.0 = Debug|Any CPU
		{8D13FC88-9508-4C3A-8ED0-F7BD46E343CC}.Debug|x64.ActiveCfg = Debug|Any CPU
		{8D13FC88-9508-4C3A-8ED0-F7BD46E343CC}.Debug|x64.Build.0 = Debug|Any CPU
		{8D13FC88-9508-4C3A-8ED0-F7BD46E343CC}.Debug|x86.ActiveCfg = Debug|Any CPU
		{8D13FC88-9508-4C3A-8ED0-F7BD46E343CC}.Debug|x86.Build.0 = Debug|Any CPU
		{8D13FC88-9508-4C3A-8ED0-F7BD46E343CC}.Release|Any CPU.ActiveCfg = Release|Any CPU
		{8D13FC88-9508-4C3A-8ED0-F7BD46E343CC}.Release|Any CPU.Build.0 = Release|Any CPU
		{8D13FC88-9508-4C3A-8ED0-F7BD46E343CC}.Release|x64.ActiveCfg = Release|Any CPU
		{8D13FC88-9508-4C3A-8ED0-F7BD46E343CC}.Release|x64.Build.0 = Release|Any CPU
		{8D13FC88-9508-4C3A-8ED0-F7BD46E343CC}.Release|x86.ActiveCfg = Release|Any CPU
		{8D13FC88-9508-4C3A-8ED0-F7BD46E343CC}.Release|x86.Build.0 = Release|Any CPU
	EndGlobalSection
	GlobalSection(SolutionProperties) = preSolution
		HideSolutionNode = FALSE
	EndGlobalSection
	GlobalSection(NestedProjects) = preSolution
		{715461E8-4E54-4993-80A8-8E72892135E0} = {8E31EA93-7F3D-4C13-B09C-92969D170D55}
		{4CA9C894-518F-42D7-BBE2-CFDFE7A03F8A} = {8E31EA93-7F3D-4C13-B09C-92969D170D55}
		{D2EE1483-021F-4900-BBE8-88338D1386F4} = {8E31EA93-7F3D-4C13-B09C-92969D170D55}
		{E4EDA8B8-006C-4D41-822F-F64B6DB0021F} = {8E31EA93-7F3D-4C13-B09C-92969D170D55}
		{679FE859-9A82-4FFB-A758-C1E8DF915F58} = {573D6EB8-574A-4431-A682-E778EF31C384}
		{936EF260-FECF-4E9E-A21E-092D65931C7D} = {573D6EB8-574A-4431-A682-E778EF31C384}
		{8D13FC88-9508-4C3A-8ED0-F7BD46E343CC} = {573D6EB8-574A-4431-A682-E778EF31C384}
	EndGlobalSection
EndGlobal
